schema: '2.0'
stages:
  download_data:
    cmd: python src/setup/download_dataset.py
    deps:
    - path: src/datasets
      md5: 9c0bc16268f8ebd7ccf00fd6b64655e9.dir
      size: 6732
      nfiles: 6
    - path: src/setup/download_dataset.py
      md5: 1f33bd10e776c5ab04e875d1799e55dc
      size: 163
    params:
      params.yaml:
        dataset_name: mnist
    outs:
    - path: assets/raw_datasets/mnist
      md5: ef50dfefcc25e2e7865d16dfc852a4f2.dir
      size: 133089540
      nfiles: 16
  original_assignment:
    cmd: python src/setup/generate_assignment.py
    deps:
    - path: assets/raw_datasets/mnist
      md5: ef50dfefcc25e2e7865d16dfc852a4f2.dir
      size: 133089540
      nfiles: 16
    - path: src/setup/generate_assignment.py
      md5: fe0d75a03559fe925fe2e367eeedabcb
      size: 2393
    params:
      params.yaml:
        arrival_rate:
          type: constant
          quantity: 100
        dataset_name: mnist
        num_clients: 6
        timeslots: 20
    outs:
    - path: assets/original_assignment/mnist/original_assignment.csv
      md5: 7e61c858c5ca40ac1cf309e64fc01403
      size: 147958
  final_assignment:
    cmd: python src/policies/apply.py
    deps:
    - path: assets/original_assignment/mnist/
      md5: 274b694f9d6678ffdadb000a6cd2c8c4.dir
      size: 147983
      nfiles: 2
    - path: src/policies/
      md5: 0c2594280af4f8d482798dc0fc61b599.dir
      size: 9420
      nfiles: 8
    params:
      params.yaml:
        cache_capacity:
          type: constant
          quantity: 500
        dataset_name: mnist
        fl_rounds:
        - 0
        num_clients: 6
        timeslots: 20
    outs:
    - path: assets/final_assignment/mnist/final_assignment.json
      md5: e9b05e110652931c0602b3514d26fce1
      size: 15682
  simulate:
    cmd: python src/simulations/federated_learning.py
    deps:
    - path: assets/final_assignment/mnist/
      md5: 312994d89913dc6646e02ef18985e075.dir
      size: 15705
      nfiles: 2
    - path: src/flower/
      md5: c71d4934e9d664023891e7ddd031e257.dir
      size: 9482
      nfiles: 4
    - path: src/simulations/federated_learning.py
      md5: b33b28fccb514027945a5977ac1f3084
      size: 977
    params:
      params.yaml:
        dataset_name: mnist
        fl_rounds:
        - 0
        model_name: mnist_conv
        num_clients: 6
    outs:
    - path: assets/metrics/
      md5: 5028ed25688253ebc00ea3e40df42de8.dir
      size: 1123
      nfiles: 7
    - path: assets/models/
      md5: 7a086f985ad7c2b5f04c5a5359f6bd6c.dir
      size: 117226
      nfiles: 1
  report:
    cmd: python src/reports/data_distributions.py && python src/reports/training.py
      && python src/reports/confusion_matrix.py
    deps:
    - path: assets/metrics/
      md5: 5028ed25688253ebc00ea3e40df42de8.dir
      size: 1123
      nfiles: 7
    - path: src/reports
      md5: 03920a5b5c75c7cc78383099b4cb8e3c.dir
      size: 6337
      nfiles: 29
    params:
      params.yaml:
        dataset_name: mnist
        num_clients: 6
    outs:
    - path: assets/reports/images/mnist
      md5: b7f45a2aa2628913c7399dd220b92a16.dir
      size: 111871
      nfiles: 4
