schema: '2.0'
stages:
  download_data:
    cmd: python src/setup/download_dataset.py
    deps:
    - path: src/datasets
      md5: ed2b81c5337cf6cdc336b41f52174f27.dir
      size: 9770
      nfiles: 6
    - path: src/setup/download_dataset.py
      md5: 1f33bd10e776c5ab04e875d1799e55dc
      size: 163
    params:
      params.yaml:
        dataset_name: mnist
    outs:
    - path: assets/raw_datasets/mnist
      md5: ef50dfefcc25e2e7865d16dfc852a4f2.dir
      size: 133089540
      nfiles: 16
  original_assignment:
    cmd: python src/setup/generate_assignment.py
    deps:
    - path: assets/raw_datasets/mnist
      md5: ef50dfefcc25e2e7865d16dfc852a4f2.dir
      size: 133089540
      nfiles: 16
    - path: src/setup/generate_assignment.py
      md5: 4196d13c38c9921d774b18d31ad599b6
      size: 2398
    params:
      params.yaml:
        arrival_rate:
          type: constant
          quantity: 100
        dataset_name: mnist
        iid: true
        num_clients: 6
        timeslots: 20
    outs:
    - path: assets/original_assignment/mnist/original_assignment.csv
      md5: 1f5fb94d6e41a7a3b783dff4758d9b87
      size: 147326
  final_assignment:
    cmd: python src/policies/apply.py
    deps:
    - path: assets/original_assignment/mnist/
      md5: 9dab2ba3475ed7f7c7f982950bb6cb37.dir
      size: 147351
      nfiles: 2
    - path: src/policies/
      md5: 492c5c06aa89f70a3dde185538e45ad5.dir
      size: 18701
      nfiles: 11
    params:
      params.yaml:
        cache_capacity:
          type: constant
          quantity: 500
        dataset_name: mnist
        fl_rounds:
        - 0
        - 1
        - 2
        - 3
        - 4
        - 5
        - 6
        - 7
        - 8
        - 9
        - 10
        - 11
        - 12
        - 13
        - 14
        - 15
        - 16
        - 17
        - 18
        - 19
        num_clients: 6
        timeslots: 20
        topology: ring
    outs:
    - path: assets/final_assignment/mnist/final_assignment.json
      md5: 31554b67a547240e87d3ecd8ed5391a9
      size: 184967
  simulate:
    cmd: python src/simulations/federated_learning.py && python src/simulations/central_server.py
    deps:
    - path: assets/final_assignment/mnist/
      md5: af0dbbb033f2e48f341d5b69bfe836cd.dir
      size: 184990
      nfiles: 2
    - path: src/flower/
      md5: c95f428f8d6427659cf00fd3f90d3a66.dir
      size: 9502
      nfiles: 4
    - path: src/simulations/
      md5: 937b017af016d536724c9923a2270fdf.dir
      size: 2156712
      nfiles: 37
    params:
      params.yaml:
        dataset_name: mnist
        fl_rounds:
        - 0
        - 1
        - 2
        - 3
        - 4
        - 5
        - 6
        - 7
        - 8
        - 9
        - 10
        - 11
        - 12
        - 13
        - 14
        - 15
        - 16
        - 17
        - 18
        - 19
        model_name: mnist_conv
        num_clients: 6
    outs:
    - path: assets/metrics/train
      md5: 6b8822c74b2f178fc8d4051b6c05007c.dir
      size: 26926
      nfiles: 8
    - path: assets/models/
      md5: d5e4fb90f3df24cc4d820e38ac8990c5.dir
      size: 234452
      nfiles: 2
  report:
    cmd: python src/reports/data_distributions.py && python src/reports/training.py
      && python src/reports/confusion_matrix.py
    deps:
    - path: assets/metrics/train
      md5: 6b8822c74b2f178fc8d4051b6c05007c.dir
      size: 26926
      nfiles: 8
    - path: src/reports
      md5: eb52ee8f4438d40cca4cc116c8af30ee.dir
      size: 7611
      nfiles: 37
    params:
      params.yaml:
        dataset_name: mnist
        num_clients: 6
    outs:
    - path: assets/metrics/test/central/metrics.json
      md5: 1b02b3ab3738bf7c536a753383ba584d
      size: 39
    - path: assets/metrics/test/federated/metrics.json
      md5: 229f4c3c5a20c39155599f88f6f591c4
      size: 39
    - path: assets/reports/images/mnist
      md5: d6441a4bd27b98e27e12185bc5899fc5.dir
      size: 259913
      nfiles: 5
