schema: '2.0'
stages:
  download_data:
    cmd: python src/setup/download_dataset.py
    deps:
    - path: src/datasets
      md5: 9cdb11c7ca579cf4b83c02b69273ef48.dir
      size: 9770
      nfiles: 6
    - path: src/setup/download_dataset.py
      md5: 1f33bd10e776c5ab04e875d1799e55dc
      size: 163
    params:
      params.yaml:
        dataset_name: mnist
    outs:
    - path: assets/raw_datasets/mnist
      md5: ef50dfefcc25e2e7865d16dfc852a4f2.dir
      size: 133089540
      nfiles: 16
  original_assignment:
    cmd: python src/setup/generate_assignment.py
    deps:
    - path: assets/raw_datasets/mnist
      md5: ef50dfefcc25e2e7865d16dfc852a4f2.dir
      size: 133089540
      nfiles: 16
    - path: src/setup/generate_assignment.py
      md5: 1edf8d70d687c2d694518323897f3f48
      size: 2496
    params:
      params.yaml:
        arrival_rate:
          type: constant
          quantity: 1
        dataset_name: mnist
        iid: false
        num_clients: 3
        timeslots: 1
    outs:
    - path: assets/original_assignment/mnist/original_assignment.csv
      md5: 3cdf3dbc03983f36c434a92325fa22c7
      size: 72
  final_assignment:
    cmd: python src/policies/apply.py
    deps:
    - path: assets/original_assignment/mnist/
      md5: dd454f72cbedec8a1d78b729d528ae18.dir
      size: 97
      nfiles: 2
    - path: src/policies/
      md5: 157f376fe10cda8185c0c897af69636c.dir
      size: 21925
      nfiles: 11
    params:
      params.yaml:
        cache_capacity:
          type: constant
          quantity: 500000
        dataset_name: mnist
        fl_rounds:
          type: all
          freq: 1
        max_resources: 100000
        num_clients: 3
        resources:
          placeholder: none
        timeslots: 1
        topology: none
    outs:
    - path: assets/final_assignment/mnist/final_assignment.json
      md5: 444ece3c0107d6deb9900c1b819fe15f
      size: 130
  simulate:
    cmd: python src/simulations/federated_learning.py && python src/simulations/central_server.py
    deps:
    - path: assets/final_assignment/mnist/
      md5: 6b3b10b56cdc7ef7428b76d2b4a297e6.dir
      size: 716138
      nfiles: 2
    - path: src/flower/
      md5: c2b5a7ac80ca6f73682a3083427bfc65.dir
      size: 10518
      nfiles: 4
    - path: src/simulations/
      md5: 5e26e8ee1b6601881655b784360b7e5a.dir
      size: 2156748
      nfiles: 37
    params:
      params.yaml:
        dataset_name: mnist
        fl_rounds:
          type: all
          freq: 1
        model_name: mnist_conv
        num_clients: 6
    outs:
    - path: assets/metrics/train
      md5: a1742a20c2e4f380290f9ba00960a9f8.dir
      size: 15907
      nfiles: 8
    - path: assets/models/
      md5: a2bb96e4edfb34fad69e237e93d5f9e6.dir
      size: 234452
      nfiles: 2
  report:
    cmd: python src/reports/data_distributions.py && python src/reports/training.py
      && python src/reports/confusion_matrix.py
    deps:
    - path: assets/metrics/train
      md5: 0c461a7494b131cb9d1f79b5af39e426.dir
      size: 102262
      nfiles: 8
    - path: src/reports
      md5: cb5f1aaa5f98228262d3a5228ae0dce9.dir
      size: 9208
      nfiles: 41
    params:
      params.yaml:
        dataset_name: mnist
        num_clients: 6
    outs:
    - path: assets/metrics/test/central/metrics.json
      md5: 54a7e79e8d3235e5e86cc7336fb439ff
      size: 39
    - path: assets/metrics/test/federated/metrics.json
      md5: fff0ecf997f0aca461b7129ca17275c5
      size: 36
    - path: assets/reports/images/mnist
      md5: d111eef9c06b080e69773cab2fcadc4c.dir
      size: 398762
      nfiles: 6
